
Microsoft Visual Studio Solution File, Format Version 12.00
# Visual Studio 15
VisualStudioVersion = 15.0.28307.136
MinimumVisualStudioVersion = 10.0.40219.1
Project("{FAE04EC0-301F-11D3-BF4B-00C04F79EFBC}") = "Server", "Server\Server.csproj", "{EC22FEF3-53C5-4ADC-BEF0-0D4DBEC93416}"
EndProject
Project("{FAE04EC0-301F-11D3-BF4B-00C04F79EFBC}") = "Server.Tests", "Server.Tests\Server.Tests.csproj", "{5DF6110F-7FAB-4AFA-9DB6-65D1343EA8A8}"
EndProject
Global
	GlobalSection(SolutionConfigurationPlatforms) = preSolution
		Debug|Any CPU = Debug|Any CPU
		Release|Any CPU = Release|Any CPU
	EndGlobalSection
	GlobalSection(ProjectConfigurationPlatforms) = postSolution
		{EC22FEF3-53C5-4ADC-BEF0-0D4DBEC93416}.Debug|Any CPU.ActiveCfg = Debug|Any CPU
		{EC22FEF3-53C5-4ADC-BEF0-0D4DBEC93416}.Debug|Any CPU.Build.0 = Debug|Any CPU
		{EC22FEF3-53C5-4ADC-BEF0-0D4DBEC93416}.Release|Any CPU.ActiveCfg = Release|Any CPU
		{EC22FEF3-53C5-4ADC-BEF0-0D4DBEC93416}.Release|Any CPU.Build.0 = Release|Any CPU
		{5DF6110F-7FAB-4AFA-9DB6-65D1343EA8A8}.Debug|Any CPU.ActiveCfg = Debug|Any CPU
		{5DF6110F-7FAB-4AFA-9DB6-65D1343EA8A8}.Debug|Any CPU.Build.0 = Debug|Any CPU
		{5DF6110F-7FAB-4AFA-9DB6-65D1343EA8A8}.Release|Any CPU.ActiveCfg = Release|Any CPU
		{5DF6110F-7FAB-4AFA-9DB6-65D1343EA8A8}.Release|Any CPU.Build.0 = Release|Any CPU
	EndGlobalSection
	GlobalSection(SolutionProperties) = preSolution
		HideSolutionNode = FALSE
	EndGlobalSection
	GlobalSection(ExtensibilityGlobals) = postSolution
		SolutionGuid = {31E71764-5DE1-4BF3-A22A-2F9D2BB42DF4}
	EndGlobalSection
EndGlobal
